// !$*UTF8*$!
{
	archiveVersion = 1;
	classes = {
	};
	objectVersion = 48;
	objects = {

/* Begin PBXBuildFile section */
		7318063A1FD2E4DB00D82ADB /* AppDelegate.m in Sources */ = {isa = PBXBuildFile; fileRef = 731806391FD2E4DB00D82ADB /* AppDelegate.m */; };
		7318063D1FD2E4DB00D82ADB /* ViewController.m in Sources */ = {isa = PBXBuildFile; fileRef = 7318063C1FD2E4DB00D82ADB /* ViewController.m */; };
		731806401FD2E4DB00D82ADB /* Main.storyboard in Resources */ = {isa = PBXBuildFile; fileRef = 7318063E1FD2E4DB00D82ADB /* Main.storyboard */; };
		731806421FD2E4DB00D82ADB /* Assets.xcassets in Resources */ = {isa = PBXBuildFile; fileRef = 731806411FD2E4DB00D82ADB /* Assets.xcassets */; };
		731806451FD2E4DB00D82ADB /* LaunchScreen.storyboard in Resources */ = {isa = PBXBuildFile; fileRef = 731806431FD2E4DB00D82ADB /* LaunchScreen.storyboard */; };
		731806481FD2E4DB00D82ADB /* main.m in Sources */ = {isa = PBXBuildFile; fileRef = 731806471FD2E4DB00D82ADB /* main.m */; };
		731806501FD2E4F600D82ADB /* Person.m in Sources */ = {isa = PBXBuildFile; fileRef = 7318064F1FD2E4F600D82ADB /* Person.m */; };
		73A1D05A1FEF93300018D725 /* NSObject+FNKVO.m in Sources */ = {isa = PBXBuildFile; fileRef = 73A1D0591FEF93300018D725 /* NSObject+FNKVO.m */; };
/* End PBXBuildFile section */

/* Begin PBXFileReference section */
		731806351FD2E4DA00D82ADB /* 响应式编程.app */ = {isa = PBXFileReference; explicitFileType = wrapper.application; includeInIndex = 0; path = "响应式编程.app"; sourceTree = BUILT_PRODUCTS_DIR; };
		731806381FD2E4DB00D82ADB /* AppDelegate.h */ = {isa = PBXFileReference; lastKnownFileType = sourcecode.c.h; path = AppDelegate.h; sourceTree = "<group>"; };
		731806391FD2E4DB00D82ADB /* AppDelegate.m */ = {isa = PBXFileReference; lastKnownFileType = sourcecode.c.objc; path = AppDelegate.m; sourceTree = "<group>"; };
		7318063B1FD2E4DB00D82ADB /* ViewController.h */ = {isa = PBXFileReference; lastKnownFileType = sourcecode.c.h; path = ViewController.h; sourceTree = "<group>"; };
		7318063C1FD2E4DB00D82ADB /* ViewController.m */ = {isa = PBXFileReference; lastKnownFileType = sourcecode.c.objc; path = ViewController.m; sourceTree = "<group>"; };
		7318063F1FD2E4DB00D82ADB /* Base */ = {isa = PBXFileReference; lastKnownFileType = file.storyboard; name = Base; path = Base.lproj/Main.storyboard; sourceTree = "<group>"; };
		731806411FD2E4DB00D82ADB /* Assets.xcassets */ = {isa = PBXFileReference; lastKnownFileType = folder.assetcatalog; path = Assets.xcassets; sourceTree = "<group>"; };
		731806441FD2E4DB00D82ADB /* Base */ = {isa = PBXFileReference; lastKnownFileType = file.storyboard; name = Base; path = Base.lproj/LaunchScreen.storyboard; sourceTree = "<group>"; };
		731806461FD2E4DB00D82ADB /* Info.plist */ = {isa = PBXFileReference; lastKnownFileType = text.plist.xml; path = Info.plist; sourceTree = "<group>"; };
		731806471FD2E4DB00D82ADB /* main.m */ = {isa = PBXFileReference; lastKnownFileType = sourcecode.c.objc; path = main.m; sourceTree = "<group>"; };
		7318064E1FD2E4F600D82ADB /* Person.h */ = {isa = PBXFileReference; lastKnownFileType = sourcecode.c.h; path = Person.h; sourceTree = "<group>"; };
		7318064F1FD2E4F600D82ADB /* Person.m */ = {isa = PBXFileReference; lastKnownFileType = sourcecode.c.objc; path = Person.m; sourceTree = "<group>"; };
		73A1D0581FEF93300018D725 /* NSObject+FNKVO.h */ = {isa = PBXFileReference; lastKnownFileType = sourcecode.c.h; path = "NSObject+FNKVO.h"; sourceTree = "<group>"; };
		73A1D0591FEF93300018D725 /* NSObject+FNKVO.m */ = {isa = PBXFileReference; lastKnownFileType = sourcecode.c.objc; path = "NSObject+FNKVO.m"; sourceTree = "<group>"; };
/* End PBXFileReference section */

/* Begin PBXFrameworksBuildPhase section */
		731806321FD2E4DA00D82ADB /* Frameworks */ = {
			isa = PBXFrameworksBuildPhase;
			buildActionMask = 2147483647;
			files = (
			);
			runOnlyForDeploymentPostprocessing = 0;
		};
/* End PBXFrameworksBuildPhase section */

/* Begin PBXGroup section */
		7318062C1FD2E4DA00D82ADB = {
			isa = PBXGroup;
			children = (
				731806371FD2E4DA00D82ADB /* 响应式编程 */,
				731806361FD2E4DA00D82ADB /* Products */,
			);
			sourceTree = "<group>";
		};
		731806361FD2E4DA00D82ADB /* Products */ = {
			isa = PBXGroup;
			children = (
				731806351FD2E4DA00D82ADB /* 响应式编程.app */,
			);
			name = Products;
			sourceTree = "<group>";
		};
		731806371FD2E4DA00D82ADB /* 响应式编程 */ = {
			isa = PBXGroup;
			children = (
				731806381FD2E4DB00D82ADB /* AppDelegate.h */,
				731806391FD2E4DB00D82ADB /* AppDelegate.m */,
				7318063B1FD2E4DB00D82ADB /* ViewController.h */,
				7318063C1FD2E4DB00D82ADB /* ViewController.m */,
				7318064E1FD2E4F600D82ADB /* Person.h */,
				7318064F1FD2E4F600D82ADB /* Person.m */,
				73A1D0581FEF93300018D725 /* NSObject+FNKVO.h */,
				73A1D0591FEF93300018D725 /* NSObject+FNKVO.m */,
				7318063E1FD2E4DB00D82ADB /* Main.storyboard */,
				731806411FD2E4DB00D82ADB /* Assets.xcassets */,
				731806431FD2E4DB00D82ADB /* LaunchScreen.storyboard */,
				731806461FD2E4DB00D82ADB /* Info.plist */,
				731806471FD2E4DB00D82ADB /* main.m */,
			);
			path = "响应式编程";
			sourceTree = "<group>";
		};
/* End PBXGroup section */

/* Begin PBXNativeTarget section */
		731806341FD2E4DA00D82ADB /* 响应式编程 */ = {
			isa = PBXNativeTarget;
			buildConfigurationList = 7318064B1FD2E4DB00D82ADB /* Build configuration list for PBXNativeTarget "响应式编程" */;
			buildPhases = (
				731806311FD2E4DA00D82ADB /* Sources */,
				731806321FD2E4DA00D82ADB /* Frameworks */,
				731806331FD2E4DA00D82ADB /* Resources */,
			);
			buildRules = (
			);
			dependencies = (
			);
			name = "响应式编程";
			productName = "响应式编程";
			productReference = 731806351FD2E4DA00D82ADB /* 响应式编程.app */;
			productType = "com.apple.product-type.application";
		};
/* End PBXNativeTarget section */

/* Begin PBXProject section */
		7318062D1FD2E4DA00D82ADB /* Project object */ = {
			isa = PBXProject;
			attributes = {
				LastUpgradeCheck = 0900;
				ORGANIZATIONNAME = "新闻";
				TargetAttributes = {
					731806341FD2E4DA00D82ADB = {
						CreatedOnToolsVersion = 9.0;
						ProvisioningStyle = Automatic;
					};
				};
			};
			buildConfigurationList = 731806301FD2E4DA00D82ADB /* Build configuration list for PBXProject "响应式编程" */;
			compatibilityVersion = "Xcode 8.0";
			developmentRegion = en;
			hasScannedForEncodings = 0;
			knownRegions = (
				en,
				Base,
			);
			mainGroup = 7318062C1FD2E4DA00D82ADB;
			productRefGroup = 731806361FD2E4DA00D82ADB /* Products */;
			projectDirPath = "";
			projectRoot = "";
			targets = (
				731806341FD2E4DA00D82ADB /* 响应式编程 */,
			);
		};
/* End PBXProject section */

/* Begin PBXResourcesBuildPhase section */
		731806331FD2E4DA00D82ADB /* Resources */ = {
			isa = PBXResourcesBuildPhase;
			buildActionMask = 2147483647;
			files = (
				731806451FD2E4DB00D82ADB /* LaunchScreen.storyboard in Resources */,
				731806421FD2E4DB00D82ADB /* Assets.xcassets in Resources */,
				731806401FD2E4DB00D82ADB /* Main.storyboard in Resources */,
			);
			runOnlyForDeploymentPostprocessing = 0;
		};
/* End PBXResourcesBuildPhase section */

/* Begin PBXSourcesBuildPhase section */
		731806311FD2E4DA00D82ADB /* Sources */ = {
			isa = PBXSourcesBuildPhase;
			buildActionMask = 2147483647;
			files = (
				7318063D1FD2E4DB00D82ADB /* ViewController.m in Sources */,
				731806481FD2E4DB00D82ADB /* main.m in Sources */,
				73A1D05A1FEF93300018D725 /* NSObject+FNKVO.m in Sources */,
				731806501FD2E4F600D82ADB /* Person.m in Sources */,
				7318063A1FD2E4DB00D82ADB /* AppDelegate.m in Sources */,
			);
			runOnlyForDeploymentPostprocessing = 0;
		};
/* End PBXSourcesBuildPhase section */

/* Begin PBXVariantGroup section */
		7318063E1FD2E4DB00D82ADB /* Main.storyboard */ = {
			isa = PBXVariantGroup;
			children = (
				7318063F1FD2E4DB00D82ADB /* Base */,
			);
			name = Main.storyboard;
			sourceTree = "<group>";
		};
		731806431FD2E4DB00D82ADB /* LaunchScreen.storyboard */ = {
			isa = PBXVariantGroup;
			children = (
				731806441FD2E4DB00D82ADB /* Base */,
			);
			name = LaunchScreen.storyboard;
			sourceTree = "<group>";
		};
/* End PBXVariantGroup section */

/* Begin XCBuildConfiguration section */
		731806491FD2E4DB00D82ADB /* Debug */ = {
			isa = XCBuildConfiguration;
			buildSettings = {
				ALWAYS_SEARCH_USER_PATHS = NO;
				CLANG_ANALYZER_NONNULL = YES;
				CLANG_ANALYZER_NUMBER_OBJECT_CONVERSION = YES_AGGRESSIVE;
				CLANG_CXX_LANGUAGE_STANDARD = "gnu++14";
				CLANG_CXX_LIBRARY = "libc++";
				CLANG_ENABLE_MODULES = YES;
				CLANG_ENABLE_OBJC_ARC = YES;
				CLANG_WARN_BLOCK_CAPTURE_AUTORELEASING = YES;
				CLANG_WARN_BOOL_CONVERSION = YES;
				CLANG_WARN_COMMA = YES;
				CLANG_WARN_CONSTANT_CONVERSION = YES;
				CLANG_WARN_DIRECT_OBJC_ISA_USAGE = YES_ERROR;
				CLANG_WARN_DOCUMENTATION_COMMENTS = YES;
				CLANG_WARN_EMPTY_BODY = YES;
				CLANG_WARN_ENUM_CONVERSION = YES;
				CLANG_WARN_INFINITE_RECURSION = YES;
				CLANG_WARN_INT_CONVERSION = YES;
				CLANG_WARN_NON_LITERAL_NULL_CONVERSION = YES;
				CLANG_WARN_OBJC_LITERAL_CONVERSION = YES;
				CLANG_WARN_OBJC_ROOT_CLASS = YES_ERROR;
				CLANG_WARN_RANGE_LOOP_ANALYSIS = YES;
				CLANG_WARN_STRICT_PROTOTYPES = YES;
				CLANG_WARN_SUSPICIOUS_MOVE = YES;
				CLANG_WARN_UNGUARDED_AVAILABILITY = YES_AGGRESSIVE;
				CLANG_WARN_UNREACHABLE_CODE = YES;
				CLANG_WARN__DUPLICATE_METHOD_MATCH = YES;
				CODE_SIGN_IDENTITY = "iPhone Developer";
				COPY_PHASE_STRIP = NO;
				DEBUG_INFORMATION_FORMAT = dwarf;
				ENABLE_STRICT_OBJC_MSGSEND = YES;
				ENABLE_TESTABILITY = YES;
				GCC_C_LANGUAGE_STANDARD = gnu11;
				GCC_DYNAMIC_NO_PIC = NO;
				GCC_NO_COMMON_BLOCKS = YES;
				GCC_OPTIMIZATION_LEVEL = 0;
				GCC_PREPROCESSOR_DEFINITIONS = (
					"DEBUG=1",
					"$(inherited)",
				);
				GCC_WARN_64_TO_32_BIT_CONVERSION = YES;
				GCC_WARN_ABOUT_RETURN_TYPE = YES_ERROR;
				GCC_WARN_UNDECLARED_SELECTOR = YES;
				GCC_WARN_UNINITIALIZED_AUTOS = YES_AGGRESSIVE;
				GCC_WARN_UNUSED_FUNCTION = YES;
				GCC_WARN_UNUSED_VARIABLE = YES;
				IPHONEOS_DEPLOYMENT_TARGET = 11.0;
				MTL_ENABLE_DEBUG_INFO = YES;
				ONLY_ACTIVE_ARCH = YES;
				SDKROOT = iphoneos;
			};
			name = Debug;
		};
		7318064A1FD2E4DB00D82ADB /* Release */ = {
			isa = XCBuildConfiguration;
			buildSettings = {
				ALWAYS_SEARCH_USER_PATHS = NO;
				CLANG_ANALYZER_NONNULL = YES;
				CLANG_ANALYZER_NUMBER_OBJECT_CONVERSION = YES_AGGRESSIVE;
				CLANG_CXX_LANGUAGE_STANDARD = "gnu++14";
				CLANG_CXX_LIBRARY = "libc++";
				CLANG_ENABLE_MODULES = YES;
				CLANG_ENABLE_OBJC_ARC = YES;
				CLANG_WARN_BLOCK_CAPTURE_AUTORELEASING = YES;
				CLANG_WARN_BOOL_CONVERSION = YES;
				CLANG_WARN_COMMA = YES;
				CLANG_WARN_CONSTANT_CONVERSION = YES;
				CLANG_WARN_DIRECT_OBJC_ISA_USAGE = YES_ERROR;
				CLANG_WARN_DOCUMENTATION_COMMENTS = YES;
				CLANG_WARN_EMPTY_BODY = YES;
				CLANG_WARN_ENUM_CONVERSION = YES;
				CLANG_WARN_INFINITE_RECURSION = YES;
				CLANG_WARN_INT_CONVERSION = YES;
				CLANG_WARN_NON_LITERAL_NULL_CONVERSION = YES;
				CLANG_WARN_OBJC_LITERAL_CONVERSION = YES;
				CLANG_WARN_OBJC_ROOT_CLASS = YES_ERROR;
				CLANG_WARN_RANGE_LOOP_ANALYSIS = YES;
				CLANG_WARN_STRICT_PROTOTYPES = YES;
				CLANG_WARN_SUSPICIOUS_MOVE = YES;
				CLANG_WARN_UNGUARDED_AVAILABILITY = YES_AGGRESSIVE;
				CLANG_WARN_UNREACHABLE_CODE = YES;
				CLANG_WARN__DUPLICATE_METHOD_MATCH = YES;
				CODE_SIGN_IDENTITY = "iPhone Developer";
				COPY_PHASE_STRIP = NO;
				DEBUG_INFORMATION_FORMAT = "dwarf-with-dsym";
				ENABLE_NS_ASSERTIONS = NO;
				ENABLE_STRICT_OBJC_MSGSEND = YES;
				GCC_C_LANGUAGE_STANDARD = gnu11;
				GCC_NO_COMMON_BLOCKS = YES;
				GCC_WARN_64_TO_32_BIT_CONVERSION = YES;
				GCC_WARN_ABOUT_RETURN_TYPE = YES_ERROR;
				GCC_WARN_UNDECLARED_SELECTOR = YES;
				GCC_WARN_UNINITIALIZED_AUTOS = YES_AGGRESSIVE;
				GCC_WARN_UNUSED_FUNCTION = YES;
				GCC_WARN_UNUSED_VARIABLE = YES;
				IPHONEOS_DEPLOYMENT_TARGET = 11.0;
				MTL_ENABLE_DEBUG_INFO = NO;
				SDKROOT = iphoneos;
				VALIDATE_PRODUCT = YES;
			};
			name = Release;
		};
		7318064C1FD2E4DB00D82ADB /* Debug */ = {
			isa = XCBuildConfiguration;
			buildSettings = {
				ASSETCATALOG_COMPILER_APPICON_NAME = AppIcon;
				CODE_SIGN_STYLE = Automatic;
				ENABLE_STRICT_OBJC_MSGSEND = NO;
				INFOPLIST_FILE = "响应式编程/Info.plist";
				LD_RUNPATH_SEARCH_PATHS = "$(inherited) @executable_path/Frameworks";
				PRODUCT_BUNDLE_IDENTIFIER = "com.Lvmm.-----";
				PRODUCT_NAME = "$(TARGET_NAME)";
				TARGETED_DEVICE_FAMILY = "1,2";
			};
			name = Debug;
		};
		7318064D1FD2E4DB00D82ADB /* Release */ = {
			isa = XCBuildConfiguration;
			buildSettings = {
				ASSETCATALOG_COMPILER_APPICON_NAME = AppIcon;
				CODE_SIGN_STYLE = Automatic;
				ENABLE_STRICT_OBJC_MSGSEND = NO;
				INFOPLIST_FILE = "响应式编程/Info.plist";
				LD_RUNPATH_SEARCH_PATHS = "$(inherited) @executable_path/Frameworks";
				PRODUCT_BUNDLE_IDENTIFIER = "com.Lvmm.-----";
				PRODUCT_NAME = "$(TARGET_NAME)";
				TARGETED_DEVICE_FAMILY = "1,2";
			};
			name = Release;
		};
/* End XCBuildConfiguration section */

/* Begin XCConfigurationList section */
		731806301FD2E4DA00D82ADB /* Build configuration list for PBXProject "响应式编程" */ = {
			isa = XCConfigurationList;
			buildConfigurations = (
				731806491FD2E4DB00D82ADB /* Debug */,
				7318064A1FD2E4DB00D82ADB /* Release */,
			);
			defaultConfigurationIsVisible = 0;
			defaultConfigurationName = Release;
		};
		7318064B1FD2E4DB00D82ADB /* Build configuration list for PBXNativeTarget "响应式编程" */ = {
			isa = XCConfigurationList;
			buildConfigurations = (
				7318064C1FD2E4DB00D82ADB /* Debug */,
				7318064D1FD2E4DB00D82ADB /* Release */,
			);
			defaultConfigurationIsVisible = 0;
			defaultConfigurationName = Release;
		};
/* End XCConfigurationList section */
	};
	rootObject = 7318062D1FD2E4DA00D82ADB /* Project object */;
}
